// !$*UTF8*$!
{
	archiveVersion = 1;
	classes = {
	};
	objectVersion = 77;
	objects = {
		D9BDA78ACB82A81B262B10F2 = {isa = PBXBuildFile; fileRef = DE1432ED755A2A091F70F23B; };
		72672DB95D681BAE2D7786AE = {isa = PBXBuildFile; fileRef = 34C173F738F3302DACDC104F; };
		DC72D9380B3A8E58E81417F8 = {isa = PBXBuildFile; fileRef = BF703194025CC39B3DA328A4; };
		081E7BC555FF2676F2E30FB7 = {isa = PBXBuildFile; fileRef = BDB9FD63A6ED2354DB20AF25; };
		80EB7BB2021681B79BFDB6F5 = {isa = PBXBuildFile; fileRef = 98DDA0A92C5675810619A25D; };
		C41EC513D6E0154B57EF9A95 = {isa = PBXBuildFile; fileRef = ACDBB0923F2D9493C434FC5F; };
		2F0A3E207105740FB77B2635 = {isa = PBXBuildFile; fileRef = 2C2008C01F747A011B9F64DA; };
		DC92F6CFF62EB8E262191E12 = {isa = PBXBuildFile; fileRef = 15A1472860A471AD375908CD; };
		4F92CB8D6216C3876836B89E = {isa = PBXBuildFile; fileRef = 79F032A381DCD23354F90266; };
		02DB93BFFA43F127B0E617E7 = {isa = PBXBuildFile; fileRef = 61575FE4FE6B4B10BA57B1D9; };
		A73F6BC3834344356ED244CC = {isa = PBXBuildFile; fileRef = BA5EF9DC47772BD396B83CC9; };
		4FC10707AA8715CA8D5BCDBB = {isa = PBXBuildFile; fileRef = A41E6EB441BE036F7F65737A; };
		BE50BA3BD78866915EC40F87 = {isa = PBXBuildFile; fileRef = 14C5A491239E95148A1A1530; };
		57E07F609B275C10A9EDDC70 = {isa = PBXBuildFile; fileRef = 8CE45C3C7305344EF62E1E7A; };
		3C4E1348C98056114AAC450F = {isa = PBXBuildFile; fileRef = 01D4ED0039135402B143FD18; };
		5CD361A70EFC0E7F3C426F95 = {isa = PBXBuildFile; fileRef = 8A36351C4839C88958273071; };
		7E145CC5466EEAB1FD3F2250 = {isa = PBXBuildFile; fileRef = 4186637C7D80C35347B9F2BC; };
		B8AD47FD76CDAEA41999F781 = {isa = PBXBuildFile; fileRef = DC5007825ABC359B4D27514F; };
		D61E0BF3BC9DDBA615502AF5 = {isa = PBXBuildFile; fileRef = 4B49C87CF47162EE093874E6; };
		4B610CFCCEB1EF01D351746F = {isa = PBXBuildFile; fileRef = 1BC57092FFAEA7140473791B; };
		FDBDFBC29CF965BBEF340505 = {isa = PBXBuildFile; fileRef = 236153422AD18022DB35DA25; };
		4241D1961F475CDAD2EEF5F9 = {isa = PBXBuildFile; fileRef = 5837823A9B5C1E98417B455C; };
		A4FEFDB45C933A362BCEF058 = {isa = PBXBuildFile; fileRef = C5A9E5DED03E5CB2671A12FD; };
		5FC6120833D69CE087B80B96 = {isa = PBXBuildFile; fileRef = AD5965F43D42856193B2455F; };
		D6EDD4B4708C0A8E3D6431F2 = {isa = PBXBuildFile; fileRef = 3EFE80FB13AC31B5FB9C9B53; };
		FA4DB0F10209A6F0F4D6D3EF = {isa = PBXBuildFile; fileRef = DE1432ED755A2A091F70F23B; };
		08122D45C8FDFB51DB22035F = {isa = PBXBuildFile; fileRef = BDB9FD63A6ED2354DB20AF25; };
		81F6E09F0C67444E43208497 = {isa = PBXBuildFile; fileRef = 98DDA0A92C5675810619A25D; };
		0131119EAA82C136D32ABB7A = {isa = PBXBuildFile; fileRef = ACDBB0923F2D9493C434FC5F; };
		93AC04DE652BE927286DA933 = {isa = PBXBuildFile; fileRef = 2C2008C01F747A011B9F64DA; };
		C416BA7A407BDEB1BAFA880D = {isa = PBXBuildFile; fileRef = 15A1472860A471AD375908CD; };
		6B6FC273895C55AC0B4F80B5 = {isa = PBXBuildFile; fileRef = 79F032A381DCD23354F90266; };
		96EBEE3DC7172C55DD7D1F58 = {isa = PBXBuildFile; fileRef = BA5EF9DC47772BD396B83CC9; };
		8F5223C5CD67D8672CC206FC = {isa = PBXBuildFile; fileRef = 8A36351C4839C88958273071; };
		E17D1A3B50BA7D86B9A3C2AA = {isa = PBXBuildFile; fileRef = 4186637C7D80C35347B9F2BC; };
		33B0802FF7C74FB568A65BD9 = {isa = PBXBuildFile; fileRef = DC5007825ABC359B4D27514F; };
		8B1235AA30856F14FCAA9F60 = {isa = PBXBuildFile; fileRef = C7E7326426325C0DCD7E6784; };
		3AB51AEE2FC4E42FD9A48FA3 = {isa = PBXBuildFile; fileRef = BADAFEBC58D27A341F6E1D94; };
		2941A29C80C944BF15234DE8 = {isa = PBXBuildFile; fileRef = 6BF657FB2F3626760DA85FDB; };
		BC051A464F47FE46C6C657DC = {isa = PBXBuildFile; fileRef = 94832B44390085159BFD43D1; };
		43813F2BEFE4B825330F741B = {isa = PBXBuildFile; fileRef = E6C3526CB01C24DE688C7233; };
		1AAEAF876996D1BB270FFD58 = {isa = PBXBuildFile; fileRef = C37ED02455A042CC065EE783; };
		C9762C8D96FE816A0C397F84 = {isa = PBXBuildFile; fileRef = 44D8DE563567A0746DADC05D; };
		28A941DC5276FFB2FE523C7C = {isa = PBXBuildFile; fileRef = 0ADFA94D5CF4278969A88D0F; };
		DE1432ED755A2A091F70F23B = {isa = PBXFileReference; lastKnownFileType = sourcecode.swift; name = "AppConstants.swift"; path = "DisplaySwitcher/App/AppConstants.swift"; sourceTree = "<group>"; };
		34C173F738F3302DACDC104F = {isa = PBXFileReference; lastKnownFileType = sourcecode.swift; name = "AppState.swift"; path = "DisplaySwitcher/App/AppState.swift"; sourceTree = "<group>"; };
		BF703194025CC39B3DA328A4 = {isa = PBXFileReference; lastKnownFileType = sourcecode.swift; name = "DisplaySwitcherApp.swift"; path = "DisplaySwitcher/App/DisplaySwitcherApp.swift"; sourceTree = "<group>"; };
		BDB9FD63A6ED2354DB20AF25 = {isa = PBXFileReference; lastKnownFileType = sourcecode.swift; name = "DisplayInfo.swift"; path = "DisplaySwitcher/Models/DisplayInfo.swift"; sourceTree = "<group>"; };
		98DDA0A92C5675810619A25D = {isa = PBXFileReference; lastKnownFileType = sourcecode.swift; name = "DisplayPreset.swift"; path = "DisplaySwitcher/Models/DisplayPreset.swift"; sourceTree = "<group>"; };
		ACDBB0923F2D9493C434FC5F = {isa = PBXFileReference; lastKnownFileType = sourcecode.swift; name = "AppSettings.swift"; path = "DisplaySwitcher/Models/AppSettings.swift"; sourceTree = "<group>"; };
		2C2008C01F747A011B9F64DA = {isa = PBXFileReference; lastKnownFileType = sourcecode.swift; name = "DisplayDiscovery.swift"; path = "DisplaySwitcher/Services/DisplayDiscovery.swift"; sourceTree = "<group>"; };
		15A1472860A471AD375908CD = {isa = PBXFileReference; lastKnownFileType = sourcecode.swift; name = "DisplayMatcher.swift"; path = "DisplaySwitcher/Services/DisplayMatcher.swift"; sourceTree = "<group>"; };
		79F032A381DCD23354F90266 = {isa = PBXFileReference; lastKnownFileType = sourcecode.swift; name = "DisplayConfigurationService.swift"; path = "DisplaySwitcher/Services/DisplayConfigurationService.swift"; sourceTree = "<group>"; };
		61575FE4FE6B4B10BA57B1D9 = {isa = PBXFileReference; lastKnownFileType = sourcecode.swift; name = "DisplayManager.swift"; path = "DisplaySwitcher/Services/DisplayManager.swift"; sourceTree = "<group>"; };
		BA5EF9DC47772BD396B83CC9 = {isa = PBXFileReference; lastKnownFileType = sourcecode.swift; name = "PresetManager.swift"; path = "DisplaySwitcher/Services/PresetManager.swift"; sourceTree = "<group>"; };
		A41E6EB441BE036F7F65737A = {isa = PBXFileReference; lastKnownFileType = sourcecode.swift; name = "ShortcutManager.swift"; path = "DisplaySwitcher/Services/ShortcutManager.swift"; sourceTree = "<group>"; };
		14C5A491239E95148A1A1530 = {isa = PBXFileReference; lastKnownFileType = sourcecode.swift; name = "LoginItemManager.swift"; path = "DisplaySwitcher/Services/LoginItemManager.swift"; sourceTree = "<group>"; };
		8CE45C3C7305344EF62E1E7A = {isa = PBXFileReference; lastKnownFileType = sourcecode.swift; name = "NotificationService.swift"; path = "DisplaySwitcher/Services/NotificationService.swift"; sourceTree = "<group>"; };
		01D4ED0039135402B143FD18 = {isa = PBXFileReference; lastKnownFileType = sourcecode.swift; name = "DisplayChangeObserver.swift"; path = "DisplaySwitcher/Services/DisplayChangeObserver.swift"; sourceTree = "<group>"; };
		8A36351C4839C88958273071 = {isa = PBXFileReference; lastKnownFileType = sourcecode.swift; name = "AppLogger.swift"; path = "DisplaySwitcher/Utilities/AppLogger.swift"; sourceTree = "<group>"; };
		4186637C7D80C35347B9F2BC = {isa = PBXFileReference; lastKnownFileType = sourcecode.swift; name = "CoordinateUtilities.swift"; path = "DisplaySwitcher/Utilities/CoordinateUtilities.swift"; sourceTree = "<group>"; };
		DC5007825ABC359B4D27514F = {isa = PBXFileReference; lastKnownFileType = sourcecode.swift; name = "KeyboardShortcut.swift"; path = "DisplaySwitcher/Utilities/KeyboardShortcut.swift"; sourceTree = "<group>"; };
		4B49C87CF47162EE093874E6 = {isa = PBXFileReference; lastKnownFileType = sourcecode.swift; name = "MenuBarView.swift"; path = "DisplaySwitcher/Views/MenuBar/MenuBarView.swift"; sourceTree = "<group>"; };
		1BC57092FFAEA7140473791B = {isa = PBXFileReference; lastKnownFileType = sourcecode.swift; name = "SettingsView.swift"; path = "DisplaySwitcher/Views/Settings/SettingsView.swift"; sourceTree = "<group>"; };
		236153422AD18022DB35DA25 = {isa = PBXFileReference; lastKnownFileType = sourcecode.swift; name = "PresetsSettingsView.swift"; path = "DisplaySwitcher/Views/Settings/PresetsSettingsView.swift"; sourceTree = "<group>"; };
		5837823A9B5C1E98417B455C = {isa = PBXFileReference; lastKnownFileType = sourcecode.swift; name = "DisplaysSettingsView.swift"; path = "DisplaySwitcher/Views/Settings/DisplaysSettingsView.swift"; sourceTree = "<group>"; };
		C5A9E5DED03E5CB2671A12FD = {isa = PBXFileReference; lastKnownFileType = sourcecode.swift; name = "GeneralSettingsView.swift"; path = "DisplaySwitcher/Views/Settings/GeneralSettingsView.swift"; sourceTree = "<group>"; };
		AD5965F43D42856193B2455F = {isa = PBXFileReference; lastKnownFileType = sourcecode.swift; name = "ShortcutsSettingsView.swift"; path = "DisplaySwitcher/Views/Settings/ShortcutsSettingsView.swift"; sourceTree = "<group>"; };
		3EFE80FB13AC31B5FB9C9B53 = {isa = PBXFileReference; lastKnownFileType = sourcecode.swift; name = "LayoutPreviewView.swift"; path = "DisplaySwitcher/Views/Components/LayoutPreviewView.swift"; sourceTree = "<group>"; };
		C7E7326426325C0DCD7E6784 = {isa = PBXFileReference; lastKnownFileType = sourcecode.swift; name = "TestFixtures.swift"; path = "DisplaySwitcherTests/TestFixtures.swift"; sourceTree = "<group>"; };
		BADAFEBC58D27A341F6E1D94 = {isa = PBXFileReference; lastKnownFileType = sourcecode.swift; name = "DisplayMatcherTests.swift"; path = "DisplaySwitcherTests/DisplayMatcherTests.swift"; sourceTree = "<group>"; };
		6BF657FB2F3626760DA85FDB = {isa = PBXFileReference; lastKnownFileType = sourcecode.swift; name = "PresetCodableTests.swift"; path = "DisplaySwitcherTests/PresetCodableTests.swift"; sourceTree = "<group>"; };
		94832B44390085159BFD43D1 = {isa = PBXFileReference; lastKnownFileType = sourcecode.swift; name = "CoordinateUtilitiesTests.swift"; path = "DisplaySwitcherTests/CoordinateUtilitiesTests.swift"; sourceTree = "<group>"; };
		E6C3526CB01C24DE688C7233 = {isa = PBXFileReference; lastKnownFileType = sourcecode.swift; name = "LayoutValidationTests.swift"; path = "DisplaySwitcherTests/LayoutValidationTests.swift"; sourceTree = "<group>"; };
		C37ED02455A042CC065EE783 = {isa = PBXFileReference; lastKnownFileType = sourcecode.swift; name = "KeyboardShortcutTests.swift"; path = "DisplaySwitcherTests/KeyboardShortcutTests.swift"; sourceTree = "<group>"; };
		44D8DE563567A0746DADC05D = {isa = PBXFileReference; lastKnownFileType = sourcecode.swift; name = "DisplayMatcherEdgeCaseTests.swift"; path = "DisplaySwitcherTests/DisplayMatcherEdgeCaseTests.swift"; sourceTree = "<group>"; };
		0ADFA94D5CF4278969A88D0F = {isa = PBXFileReference; lastKnownFileType = folder.assetcatalog; name = Assets.xcassets; path = "DisplaySwitcher/Resources/Assets.xcassets"; sourceTree = "<group>"; };
		395E9465DC107F92B110F1AE = {isa = PBXFileReference; explicitFileType = wrapper.application; includeInIndex = 0; path = "DisplaySwitcher.app"; sourceTree = BUILT_PRODUCTS_DIR; };
		3D840824FF6FDE1C70965B61 = {isa = PBXFileReference; explicitFileType = wrapper.cfbundle; includeInIndex = 0; path = "DisplaySwitcherTests.xctest"; sourceTree = BUILT_PRODUCTS_DIR; };
		85E6643C61A19317FB19228B = {isa = PBXFrameworksBuildPhase; buildActionMask = 2147483647; files = (); runOnlyForDeploymentPostprocessing = 0; };
		183961127D2E3D8BCCA08355 = {isa = PBXFrameworksBuildPhase; buildActionMask = 2147483647; files = (); runOnlyForDeploymentPostprocessing = 0; };
		090FF3C42571EC3382866A7D = {isa = PBXGroup; children = (933E2D63FD2D80E553CAD811, 5448864174C4CE976DDC7C7F, 1A154BF7277DB1F1A7B20AFB); sourceTree = "<group>"; };
		933E2D63FD2D80E553CAD811 = {isa = PBXGroup; children = (F5603CE06A3D12DD97016E59, A6BFC24BC298FC87B7575326, 89597A9EA72D2C7E0B2B1FAB, 4D0CBEC2C9AEB331D96EA910, 86A123A63677017E25E413DF, E11BE9A0876A863ACEFAF2C3); name = DisplaySwitcher; sourceTree = "<group>"; };
		F5603CE06A3D12DD97016E59 = {isa = PBXGroup; children = (DE1432ED755A2A091F70F23B, 34C173F738F3302DACDC104F, BF703194025CC39B3DA328A4); name = App; sourceTree = "<group>"; };
		A6BFC24BC298FC87B7575326 = {isa = PBXGroup; children = (BDB9FD63A6ED2354DB20AF25, 98DDA0A92C5675810619A25D, ACDBB0923F2D9493C434FC5F); name = Models; sourceTree = "<group>"; };
		89597A9EA72D2C7E0B2B1FAB = {isa = PBXGroup; children = (2C2008C01F747A011B9F64DA, 15A1472860A471AD375908CD, 79F032A381DCD23354F90266, 61575FE4FE6B4B10BA57B1D9, BA5EF9DC47772BD396B83CC9, A41E6EB441BE036F7F65737A, 14C5A491239E95148A1A1530, 8CE45C3C7305344EF62E1E7A, 01D4ED0039135402B143FD18); name = Services; sourceTree = "<group>"; };
		4D0CBEC2C9AEB331D96EA910 = {isa = PBXGroup; children = (8A36351C4839C88958273071, 4186637C7D80C35347B9F2BC, DC5007825ABC359B4D27514F); name = Utilities; sourceTree = "<group>"; };
		86A123A63677017E25E413DF = {isa = PBXGroup; children = (4B49C87CF47162EE093874E6, 1BC57092FFAEA7140473791B, 236153422AD18022DB35DA25, 5837823A9B5C1E98417B455C, C5A9E5DED03E5CB2671A12FD, AD5965F43D42856193B2455F, 3EFE80FB13AC31B5FB9C9B53); name = Views; sourceTree = "<group>"; };
		E11BE9A0876A863ACEFAF2C3 = {isa = PBXGroup; children = (0ADFA94D5CF4278969A88D0F); name = Resources; sourceTree = "<group>"; };
		5448864174C4CE976DDC7C7F = {isa = PBXGroup; children = (C7E7326426325C0DCD7E6784, BADAFEBC58D27A341F6E1D94, 6BF657FB2F3626760DA85FDB, 94832B44390085159BFD43D1, E6C3526CB01C24DE688C7233, C37ED02455A042CC065EE783, 44D8DE563567A0746DADC05D); name = DisplaySwitcherTests; sourceTree = "<group>"; };
		1A154BF7277DB1F1A7B20AFB = {isa = PBXGroup; children = (395E9465DC107F92B110F1AE, 3D840824FF6FDE1C70965B61); name = Products; sourceTree = "<group>"; };
		873E0EF972AB78DD03803E4E = {isa = PBXSourcesBuildPhase; buildActionMask = 2147483647; files = (D9BDA78ACB82A81B262B10F2, 72672DB95D681BAE2D7786AE, DC72D9380B3A8E58E81417F8, 081E7BC555FF2676F2E30FB7, 80EB7BB2021681B79BFDB6F5, C41EC513D6E0154B57EF9A95, 2F0A3E207105740FB77B2635, DC92F6CFF62EB8E262191E12, 4F92CB8D6216C3876836B89E, 02DB93BFFA43F127B0E617E7, A73F6BC3834344356ED244CC, 4FC10707AA8715CA8D5BCDBB, BE50BA3BD78866915EC40F87, 57E07F609B275C10A9EDDC70, 3C4E1348C98056114AAC450F, 5CD361A70EFC0E7F3C426F95, 7E145CC5466EEAB1FD3F2250, B8AD47FD76CDAEA41999F781, D61E0BF3BC9DDBA615502AF5, 4B610CFCCEB1EF01D351746F, FDBDFBC29CF965BBEF340505, 4241D1961F475CDAD2EEF5F9, A4FEFDB45C933A362BCEF058, 5FC6120833D69CE087B80B96, D6EDD4B4708C0A8E3D6431F2); runOnlyForDeploymentPostprocessing = 0; };
		5B74CE5C4744EAC69C6E64B6 = {isa = PBXSourcesBuildPhase; buildActionMask = 2147483647; files = (FA4DB0F10209A6F0F4D6D3EF, 08122D45C8FDFB51DB22035F, 81F6E09F0C67444E43208497, 0131119EAA82C136D32ABB7A, 93AC04DE652BE927286DA933, C416BA7A407BDEB1BAFA880D, 6B6FC273895C55AC0B4F80B5, 96EBEE3DC7172C55DD7D1F58, 8F5223C5CD67D8672CC206FC, E17D1A3B50BA7D86B9A3C2AA, 33B0802FF7C74FB568A65BD9, 8B1235AA30856F14FCAA9F60, 3AB51AEE2FC4E42FD9A48FA3, 2941A29C80C944BF15234DE8, BC051A464F47FE46C6C657DC, 43813F2BEFE4B825330F741B, 1AAEAF876996D1BB270FFD58, C9762C8D96FE816A0C397F84); runOnlyForDeploymentPostprocessing = 0; };
		42A12ABDFDACB5C2435DC2DC = {isa = PBXResourcesBuildPhase; buildActionMask = 2147483647; files = (28A941DC5276FFB2FE523C7C); runOnlyForDeploymentPostprocessing = 0; };
		A3E8779909869DEC2875BCA5 = {isa = PBXNativeTarget; buildConfigurationList = 7635CC6B1EE652F10657F157; buildPhases = (873E0EF972AB78DD03803E4E, 85E6643C61A19317FB19228B, 42A12ABDFDACB5C2435DC2DC); buildRules = (); dependencies = (); name = DisplaySwitcher; productName = DisplaySwitcher; productReference = 395E9465DC107F92B110F1AE; productType = "com.apple.product-type.application"; };
		EBAA64BB56607131B949F0DF = {isa = PBXNativeTarget; buildConfigurationList = 518DA560866195364F89B88F; buildPhases = (5B74CE5C4744EAC69C6E64B6, 183961127D2E3D8BCCA08355); buildRules = (); dependencies = (); name = DisplaySwitcherTests; productName = DisplaySwitcherTests; productReference = 3D840824FF6FDE1C70965B61; productType = "com.apple.product-type.bundle.unit-test"; };
		E73C023A2E8E90349BB4D853 = {isa = PBXProject; buildConfigurationList = 94D48614D6E7DB6CC2B8FF9A; compatibilityVersion = "Xcode 15.0"; developmentRegion = en; hasScannedForEncodings = 0; knownRegions = (en); mainGroup = 090FF3C42571EC3382866A7D; productRefGroup = 1A154BF7277DB1F1A7B20AFB; projectDirPath = ""; projectRoot = ""; targets = (A3E8779909869DEC2875BCA5, EBAA64BB56607131B949F0DF); };
		FC98BDF79A507AE8FA3BF687 = {isa = XCBuildConfiguration; buildSettings = {
			ALWAYS_SEARCH_USER_PATHS = NO;
			CLANG_ANALYZER_NONNULL = YES;
			CLANG_CXX_LANGUAGE_STANDARD = "gnu++20";
			COPY_PHASE_STRIP = NO;
			CURRENT_PROJECT_VERSION = 1;
			DEBUG_INFORMATION_FORMAT = "dwarf-with-dsym";
			ENABLE_STRICT_OBJC_MSGSEND = YES;
			GCC_C_LANGUAGE_STANDARD = gnu17;
			MACOSX_DEPLOYMENT_TARGET = 14.0;
			MARKETING_VERSION = 1.0;
			ONLY_ACTIVE_ARCH = YES;
			SDKROOT = macosx;
			SWIFT_VERSION = 5.0;
			GCC_OPTIMIZATION_LEVEL = 0;
			SWIFT_OPTIMIZATION_LEVEL = "-Onone";
			ENABLE_TESTABILITY = YES;
			GCC_PREPROCESSOR_DEFINITIONS = ("DEBUG=1", "$(inherited)");
		}; name = Debug; };
		F53DAA28DA01AF61C2CD308F = {isa = XCBuildConfiguration; buildSettings = {
			ALWAYS_SEARCH_USER_PATHS = NO;
			CLANG_ANALYZER_NONNULL = YES;
			CLANG_CXX_LANGUAGE_STANDARD = "gnu++20";
			COPY_PHASE_STRIP = NO;
			CURRENT_PROJECT_VERSION = 1;
			DEBUG_INFORMATION_FORMAT = "dwarf-with-dsym";
			ENABLE_STRICT_OBJC_MSGSEND = YES;
			GCC_C_LANGUAGE_STANDARD = gnu17;
			MACOSX_DEPLOYMENT_TARGET = 14.0;
			MARKETING_VERSION = 1.0;
			ONLY_ACTIVE_ARCH = YES;
			SDKROOT = macosx;
			SWIFT_VERSION = 5.0;
			SWIFT_OPTIMIZATION_LEVEL = "-O";
			ENABLE_TESTABILITY = NO;
		}; name = Release; };
		8B2885481346694861F21F9A = {isa = XCBuildConfiguration; buildSettings = {
			ASSETCATALOG_COMPILER_APPICON_NAME = AppIcon;
			ASSETCATALOG_COMPILER_GLOBAL_ACCENT_COLOR_NAME = AccentColor;
			CODE_SIGN_IDENTITY = "-";
			CODE_SIGN_STYLE = Manual;
			COMBINE_HIDPI_IMAGES = YES;
			DEVELOPMENT_TEAM = "";
			GENERATE_INFOPLIST_FILE = YES;
			INFOPLIST_KEY_CFBundleDisplayName = DisplaySwitcher;
			INFOPLIST_KEY_LSUIElement = YES;
			INFOPLIST_KEY_NSHumanReadableCopyright = "Copyright © 2026 DisplaySwitcher Contributors";
			INFOPLIST_KEY_NSPRINCIPALCLASS = NSApplication;
			PRODUCT_BUNDLE_IDENTIFIER = com.displayswitcher.DisplaySwitcher;
			PRODUCT_NAME = "DisplaySwitcher";
		}; name = Debug; };
		855123B29BBEF3535A447A2B = {isa = XCBuildConfiguration; buildSettings = {
			ASSETCATALOG_COMPILER_APPICON_NAME = AppIcon;
			ASSETCATALOG_COMPILER_GLOBAL_ACCENT_COLOR_NAME = AccentColor;
			CODE_SIGN_IDENTITY = "-";
			CODE_SIGN_STYLE = Manual;
			COMBINE_HIDPI_IMAGES = YES;
			DEVELOPMENT_TEAM = "";
			GENERATE_INFOPLIST_FILE = YES;
			INFOPLIST_KEY_CFBundleDisplayName = DisplaySwitcher;
			INFOPLIST_KEY_LSUIElement = YES;
			INFOPLIST_KEY_NSHumanReadableCopyright = "Copyright © 2026 DisplaySwitcher Contributors";
			INFOPLIST_KEY_NSPRINCIPALCLASS = NSApplication;
			PRODUCT_BUNDLE_IDENTIFIER = com.displayswitcher.DisplaySwitcher;
			PRODUCT_NAME = "DisplaySwitcher";
		}; name = Release; };
		3CD65D724FD6B7CF8A88296F = {isa = XCBuildConfiguration; buildSettings = {
			BUNDLE_LOADER = "$(TEST_HOST)";
			CODE_SIGN_IDENTITY = "-";
			CODE_SIGN_STYLE = Manual;
			DEVELOPMENT_TEAM = "";
			GENERATE_INFOPLIST_FILE = YES;
			PRODUCT_BUNDLE_IDENTIFIER = com.displayswitcher.DisplaySwitcherTests;
			PRODUCT_NAME = "$(TARGET_NAME)";
			TEST_HOST = "";
		}; name = Debug; };
		769166BD4C8EF8F41EC3CB14 = {isa = XCBuildConfiguration; buildSettings = {
			BUNDLE_LOADER = "$(TEST_HOST)";
			CODE_SIGN_IDENTITY = "-";
			CODE_SIGN_STYLE = Manual;
			DEVELOPMENT_TEAM = "";
			GENERATE_INFOPLIST_FILE = YES;
			PRODUCT_BUNDLE_IDENTIFIER = com.displayswitcher.DisplaySwitcherTests;
			PRODUCT_NAME = "$(TARGET_NAME)";
			TEST_HOST = "";
		}; name = Release; };
		94D48614D6E7DB6CC2B8FF9A = {isa = XCConfigurationList; buildConfigurations = (FC98BDF79A507AE8FA3BF687, F53DAA28DA01AF61C2CD308F); defaultConfigurationIsVisible = 0; defaultConfigurationName = Release; };
		7635CC6B1EE652F10657F157 = {isa = XCConfigurationList; buildConfigurations = (8B2885481346694861F21F9A, 855123B29BBEF3535A447A2B); defaultConfigurationIsVisible = 0; defaultConfigurationName = Release; };
		518DA560866195364F89B88F = {isa = XCConfigurationList; buildConfigurations = (3CD65D724FD6B7CF8A88296F, 769166BD4C8EF8F41EC3CB14); defaultConfigurationIsVisible = 0; defaultConfigurationName = Release; };
	};
	rootObject = E73C023A2E8E90349BB4D853;
}
